
Microsoft Visual Studio Solution File, Format Version 12.00
# Visual Studio Version 17
VisualStudioVersion = 17.10.35122.118
MinimumVisualStudioVersion = 10.0.40219.1
Project("{FAE04EC0-301F-11D3-BF4B-00C04F79EFBC}") = "Northwind.Entities", "Northwind.Entities\Northwind.Entities.csproj", "{658AF430-347D-4120-84B8-490C72678285}"
EndProject
Project("{FAE04EC0-301F-11D3-BF4B-00C04F79EFBC}") = "Northwind.DataAccess", "Northwind.DataAccess\Northwind.DataAccess.csproj", "{6A00D497-5F2C-48F4-905C-A85FA27DED96}"
EndProject
Project("{FAE04EC0-301F-11D3-BF4B-00C04F79EFBC}") = "Northwind.Business", "Northwind.Business\Northwind.Business.csproj", "{699F2C65-91BE-472C-9E1A-6EF0C9094879}"
EndProject
Project("{FAE04EC0-301F-11D3-BF4B-00C04F79EFBC}") = "Northwind.WebFormsUI", "Northwind.WebFormsUI\Northwind.WebFormsUI.csproj", "{3C932CA2-D485-44CF-A030-733BEE4B07E9}"
EndProject
Global
	GlobalSection(SolutionConfigurationPlatforms) = preSolution
		Debug|Any CPU = Debug|Any CPU
		Release|Any CPU = Release|Any CPU
	EndGlobalSection
	GlobalSection(ProjectConfigurationPlatforms) = postSolution
		{658AF430-347D-4120-84B8-490C72678285}.Debug|Any CPU.ActiveCfg = Debug|Any CPU
		{658AF430-347D-4120-84B8-490C72678285}.Debug|Any CPU.Build.0 = Debug|Any CPU
		{658AF430-347D-4120-84B8-490C72678285}.Release|Any CPU.ActiveCfg = Release|Any CPU
		{658AF430-347D-4120-84B8-490C72678285}.Release|Any CPU.Build.0 = Release|Any CPU
		{6A00D497-5F2C-48F4-905C-A85FA27DED96}.Debug|Any CPU.ActiveCfg = Debug|Any CPU
		{6A00D497-5F2C-48F4-905C-A85FA27DED96}.Debug|Any CPU.Build.0 = Debug|Any CPU
		{6A00D497-5F2C-48F4-905C-A85FA27DED96}.Release|Any CPU.ActiveCfg = Release|Any CPU
		{6A00D497-5F2C-48F4-905C-A85FA27DED96}.Release|Any CPU.Build.0 = Release|Any CPU
		{699F2C65-91BE-472C-9E1A-6EF0C9094879}.Debug|Any CPU.ActiveCfg = Debug|Any CPU
		{699F2C65-91BE-472C-9E1A-6EF0C9094879}.Debug|Any CPU.Build.0 = Debug|Any CPU
		{699F2C65-91BE-472C-9E1A-6EF0C9094879}.Release|Any CPU.ActiveCfg = Release|Any CPU
		{699F2C65-91BE-472C-9E1A-6EF0C9094879}.Release|Any CPU.Build.0 = Release|Any CPU
		{3C932CA2-D485-44CF-A030-733BEE4B07E9}.Debug|Any CPU.ActiveCfg = Debug|Any CPU
		{3C932CA2-D485-44CF-A030-733BEE4B07E9}.Debug|Any CPU.Build.0 = Debug|Any CPU
		{3C932CA2-D485-44CF-A030-733BEE4B07E9}.Release|Any CPU.ActiveCfg = Release|Any CPU
		{3C932CA2-D485-44CF-A030-733BEE4B07E9}.Release|Any CPU.Build.0 = Release|Any CPU
	EndGlobalSection
	GlobalSection(SolutionProperties) = preSolution
		HideSolutionNode = FALSE
	EndGlobalSection
	GlobalSection(ExtensibilityGlobals) = postSolution
		SolutionGuid = {E36A7DB2-6776-44EE-AB8D-EE4FA80EC08C}
	EndGlobalSection
EndGlobal
